
Microsoft Visual Studio Solution File, Format Version 12.00
# Visual Studio Version 17
VisualStudioVersion = 17.0.31903.59
MinimumVisualStudioVersion = 10.0.40219.1
Project("{FAE04EC0-301F-11D3-BF4B-00C04F79EFBC}") = "Tiferet", "Tiferet\Tiferet.csproj", "{A1B2C3D4-E5F6-7890-ABCD-EF1234567890}"
EndProject
Project("{FAE04EC0-301F-11D3-BF4B-00C04F79EFBC}") = "Tiferet.Tests", "tests\Tiferet.Tests\Tiferet.Tests.csproj", "{A9753112-AAED-4E74-84F8-DC94DF4E2FA3}"
EndProject
Project("{FAE04EC0-301F-11D3-BF4B-00C04F79EFBC}") = "Tiferet.Examples.Calculator", "examples\Tiferet.Examples.Calculator\Tiferet.Examples.Calculator.csproj", "{9F2DC12F-D8D3-4EFA-ABB7-7AB052004C6B}"
EndProject
Project("{FAE04EC0-301F-11D3-BF4B-00C04F79EFBC}") = "Tiferet.Tests.Integration", "tests\Tiferet.Tests.Integration\Tiferet.Tests.Integration.csproj", "{0BED25E5-C441-4FA2-8FE4-10AF1D5D0FF9}"
EndProject
Project("{FAE04EC0-301F-11D3-BF4B-00C04F79EFBC}") = "Tiferet.Testing", "Tiferet.Testing\Tiferet.Testing.csproj", "{44EED980-8B4B-4497-B26C-C7EB603221E0}"
EndProject
Global
	GlobalSection(SolutionConfigurationPlatforms) = preSolution
		Debug|Any CPU = Debug|Any CPU
		Debug|x64 = Debug|x64
		Debug|x86 = Debug|x86
		Release|Any CPU = Release|Any CPU
		Release|x64 = Release|x64
		Release|x86 = Release|x86
	EndGlobalSection
	GlobalSection(ProjectConfigurationPlatforms) = postSolution
		{A9753112-AAED-4E74-84F8-DC94DF4E2FA3}.Debug|Any CPU.ActiveCfg = Debug|Any CPU
		{A9753112-AAED-4E74-84F8-DC94DF4E2FA3}.Debug|Any CPU.Build.0 = Debug|Any CPU
		{A9753112-AAED-4E74-84F8-DC94DF4E2FA3}.Debug|x64.ActiveCfg = Debug|Any CPU
		{A9753112-AAED-4E74-84F8-DC94DF4E2FA3}.Debug|x64.Build.0 = Debug|Any CPU
		{A9753112-AAED-4E74-84F8-DC94DF4E2FA3}.Debug|x86.ActiveCfg = Debug|Any CPU
		{A9753112-AAED-4E74-84F8-DC94DF4E2FA3}.Debug|x86.Build.0 = Debug|Any CPU
		{A9753112-AAED-4E74-84F8-DC94DF4E2FA3}.Release|Any CPU.ActiveCfg = Release|Any CPU
		{A9753112-AAED-4E74-84F8-DC94DF4E2FA3}.Release|Any CPU.Build.0 = Release|Any CPU
		{A9753112-AAED-4E74-84F8-DC94DF4E2FA3}.Release|x64.ActiveCfg = Release|Any CPU
		{A9753112-AAED-4E74-84F8-DC94DF4E2FA3}.Release|x64.Build.0 = Release|Any CPU
		{A9753112-AAED-4E74-84F8-DC94DF4E2FA3}.Release|x86.ActiveCfg = Release|Any CPU
		{A9753112-AAED-4E74-84F8-DC94DF4E2FA3}.Release|x86.Build.0 = Release|Any CPU
		{9F2DC12F-D8D3-4EFA-ABB7-7AB052004C6B}.Debug|Any CPU.ActiveCfg = Debug|Any CPU
		{9F2DC12F-D8D3-4EFA-ABB7-7AB052004C6B}.Debug|Any CPU.Build.0 = Debug|Any CPU
		{9F2DC12F-D8D3-4EFA-ABB7-7AB052004C6B}.Debug|x64.ActiveCfg = Debug|Any CPU
		{9F2DC12F-D8D3-4EFA-ABB7-7AB052004C6B}.Debug|x64.Build.0 = Debug|Any CPU
		{9F2DC12F-D8D3-4EFA-ABB7-7AB052004C6B}.Debug|x86.ActiveCfg = Debug|Any CPU
		{9F2DC12F-D8D3-4EFA-ABB7-7AB052004C6B}.Debug|x86.Build.0 = Debug|Any CPU
		{9F2DC12F-D8D3-4EFA-ABB7-7AB052004C6B}.Release|Any CPU.ActiveCfg = Release|Any CPU
		{9F2DC12F-D8D3-4EFA-ABB7-7AB052004C6B}.Release|Any CPU.Build.0 = Release|Any CPU
		{9F2DC12F-D8D3-4EFA-ABB7-7AB052004C6B}.Release|x64.ActiveCfg = Release|Any CPU
		{9F2DC12F-D8D3-4EFA-ABB7-7AB052004C6B}.Release|x64.Build.0 = Release|Any CPU
		{9F2DC12F-D8D3-4EFA-ABB7-7AB052004C6B}.Release|x86.ActiveCfg = Release|Any CPU
		{9F2DC12F-D8D3-4EFA-ABB7-7AB052004C6B}.Release|x86.Build.0 = Release|Any CPU
		{0BED25E5-C441-4FA2-8FE4-10AF1D5D0FF9}.Debug|Any CPU.ActiveCfg = Debug|Any CPU
		{0BED25E5-C441-4FA2-8FE4-10AF1D5D0FF9}.Debug|Any CPU.Build.0 = Debug|Any CPU
		{0BED25E5-C441-4FA2-8FE4-10AF1D5D0FF9}.Debug|x64.ActiveCfg = Debug|Any CPU
		{0BED25E5-C441-4FA2-8FE4-10AF1D5D0FF9}.Debug|x64.Build.0 = Debug|Any CPU
		{0BED25E5-C441-4FA2-8FE4-10AF1D5D0FF9}.Debug|x86.ActiveCfg = Debug|Any CPU
		{0BED25E5-C441-4FA2-8FE4-10AF1D5D0FF9}.Debug|x86.Build.0 = Debug|Any CPU
		{0BED25E5-C441-4FA2-8FE4-10AF1D5D0FF9}.Release|Any CPU.ActiveCfg = Release|Any CPU
		{0BED25E5-C441-4FA2-8FE4-10AF1D5D0FF9}.Release|Any CPU.Build.0 = Release|Any CPU
		{0BED25E5-C441-4FA2-8FE4-10AF1D5D0FF9}.Release|x64.ActiveCfg = Release|Any CPU
		{0BED25E5-C441-4FA2-8FE4-10AF1D5D0FF9}.Release|x64.Build.0 = Release|Any CPU
		{0BED25E5-C441-4FA2-8FE4-10AF1D5D0FF9}.Release|x86.ActiveCfg = Release|Any CPU
		{0BED25E5-C441-4FA2-8FE4-10AF1D5D0FF9}.Release|x86.Build.0 = Release|Any CPU
		{44EED980-8B4B-4497-B26C-C7EB603221E0}.Debug|Any CPU.ActiveCfg = Debug|Any CPU
		{44EED980-8B4B-4497-B26C-C7EB603221E0}.Debug|Any CPU.Build.0 = Debug|Any CPU
		{44EED980-8B4B-4497-B26C-C7EB603221E0}.Debug|x64.ActiveCfg = Debug|Any CPU
		{44EED980-8B4B-4497-B26C-C7EB603221E0}.Debug|x64.Build.0 = Debug|Any CPU
		{44EED980-8B4B-4497-B26C-C7EB603221E0}.Debug|x86.ActiveCfg = Debug|Any CPU
		{44EED980-8B4B-4497-B26C-C7EB603221E0}.Debug|x86.Build.0 = Debug|Any CPU
		{44EED980-8B4B-4497-B26C-C7EB603221E0}.Release|Any CPU.ActiveCfg = Release|Any CPU
		{44EED980-8B4B-4497-B26C-C7EB603221E0}.Release|Any CPU.Build.0 = Release|Any CPU
		{44EED980-8B4B-4497-B26C-C7EB603221E0}.Release|x64.ActiveCfg = Release|Any CPU
		{44EED980-8B4B-4497-B26C-C7EB603221E0}.Release|x64.Build.0 = Release|Any CPU
		{44EED980-8B4B-4497-B26C-C7EB603221E0}.Release|x86.ActiveCfg = Release|Any CPU
		{44EED980-8B4B-4497-B26C-C7EB603221E0}.Release|x86.Build.0 = Release|Any CPU
	EndGlobalSection
	GlobalSection(SolutionProperties) = preSolution
		HideSolutionNode = FALSE
	EndGlobalSection
EndGlobal
