
Microsoft Visual Studio Solution File, Format Version 12.00
# Visual Studio Version 17
VisualStudioVersion = 17.0.31903.59
MinimumVisualStudioVersion = 10.0.40219.1
Project("{2150E333-8FDC-42A3-9474-1A3956D46DE8}") = "src", "src", "{827E0CD3-B72D-47B6-A68D-7590B98EB39B}"
EndProject
Project("{FAE04EC0-301F-11D3-BF4B-00C04F79EFBC}") = "Tiferet.Core", "src\Tiferet.Core\Tiferet.Core.csproj", "{29AE56C0-471F-44F1-BFFF-3ABF826791E2}"
EndProject
Project("{FAE04EC0-301F-11D3-BF4B-00C04F79EFBC}") = "Tiferet.Domain", "src\Tiferet.Domain\Tiferet.Domain.csproj", "{F738C46C-150D-4E2D-996A-3293D7DE8A4E}"
EndProject
Project("{FAE04EC0-301F-11D3-BF4B-00C04F79EFBC}") = "Tiferet.Events", "src\Tiferet.Events\Tiferet.Events.csproj", "{638A40C7-C073-47E4-A663-8AE72325E254}"
EndProject
Project("{FAE04EC0-301F-11D3-BF4B-00C04F79EFBC}") = "Tiferet.Interfaces", "src\Tiferet.Interfaces\Tiferet.Interfaces.csproj", "{BA352FB1-71FC-4B30-84D5-21819B2F4141}"
EndProject
Project("{2150E333-8FDC-42A3-9474-1A3956D46DE8}") = "tests", "tests", "{0AB3BF05-4346-4AA6-1389-037BE0695223}"
EndProject
Project("{FAE04EC0-301F-11D3-BF4B-00C04F79EFBC}") = "Tiferet.Tests", "tests\Tiferet.Tests\Tiferet.Tests.csproj", "{A9753112-AAED-4E74-84F8-DC94DF4E2FA3}"
EndProject
Project("{FAE04EC0-301F-11D3-BF4B-00C04F79EFBC}") = "Tiferet.Mappers", "src\Tiferet.Mappers\Tiferet.Mappers.csproj", "{8AD1E452-1F01-4B67-93C1-5FA0B1BD3BA6}"
EndProject
Project("{FAE04EC0-301F-11D3-BF4B-00C04F79EFBC}") = "Tiferet.DependencyInjection", "src\Tiferet.DependencyInjection\Tiferet.DependencyInjection.csproj", "{AAC2E880-082C-4D34-BB7B-2AF3BAD91CFC}"
EndProject
Project("{FAE04EC0-301F-11D3-BF4B-00C04F79EFBC}") = "Tiferet.Utilities", "src\Tiferet.Utilities\Tiferet.Utilities.csproj", "{A5C6B166-1508-49C0-B63C-F00A5352C0A4}"
EndProject
Project("{FAE04EC0-301F-11D3-BF4B-00C04F79EFBC}") = "Tiferet.Repositories", "src\Tiferet.Repositories\Tiferet.Repositories.csproj", "{77213586-7EFE-4CFC-BAA9-435EEED55215}"
EndProject
Project("{FAE04EC0-301F-11D3-BF4B-00C04F79EFBC}") = "Tiferet.Contexts", "src\Tiferet.Contexts\Tiferet.Contexts.csproj", "{482683B8-7A71-4615-A7B8-B33BEB006AB7}"
EndProject
Project("{FAE04EC0-301F-11D3-BF4B-00C04F79EFBC}") = "Tiferet.Blueprints", "src\Tiferet.Blueprints\Tiferet.Blueprints.csproj", "{B5D5AC10-41FF-46E1-9F87-BCCF6559A090}"
EndProject
Global
	GlobalSection(SolutionConfigurationPlatforms) = preSolution
		Debug|Any CPU = Debug|Any CPU
		Debug|x64 = Debug|x64
		Debug|x86 = Debug|x86
		Release|Any CPU = Release|Any CPU
		Release|x64 = Release|x64
		Release|x86 = Release|x86
	EndGlobalSection
	GlobalSection(ProjectConfigurationPlatforms) = postSolution
		{29AE56C0-471F-44F1-BFFF-3ABF826791E2}.Debug|Any CPU.ActiveCfg = Debug|Any CPU
		{29AE56C0-471F-44F1-BFFF-3ABF826791E2}.Debug|Any CPU.Build.0 = Debug|Any CPU
		{29AE56C0-471F-44F1-BFFF-3ABF826791E2}.Debug|x64.ActiveCfg = Debug|Any CPU
		{29AE56C0-471F-44F1-BFFF-3ABF826791E2}.Debug|x64.Build.0 = Debug|Any CPU
		{29AE56C0-471F-44F1-BFFF-3ABF826791E2}.Debug|x86.ActiveCfg = Debug|Any CPU
		{29AE56C0-471F-44F1-BFFF-3ABF826791E2}.Debug|x86.Build.0 = Debug|Any CPU
		{29AE56C0-471F-44F1-BFFF-3ABF826791E2}.Release|Any CPU.ActiveCfg = Release|Any CPU
		{29AE56C0-471F-44F1-BFFF-3ABF826791E2}.Release|Any CPU.Build.0 = Release|Any CPU
		{29AE56C0-471F-44F1-BFFF-3ABF826791E2}.Release|x64.ActiveCfg = Release|Any CPU
		{29AE56C0-471F-44F1-BFFF-3ABF826791E2}.Release|x64.Build.0 = Release|Any CPU
		{29AE56C0-471F-44F1-BFFF-3ABF826791E2}.Release|x86.ActiveCfg = Release|Any CPU
		{29AE56C0-471F-44F1-BFFF-3ABF826791E2}.Release|x86.Build.0 = Release|Any CPU
		{F738C46C-150D-4E2D-996A-3293D7DE8A4E}.Debug|Any CPU.ActiveCfg = Debug|Any CPU
		{F738C46C-150D-4E2D-996A-3293D7DE8A4E}.Debug|Any CPU.Build.0 = Debug|Any CPU
		{F738C46C-150D-4E2D-996A-3293D7DE8A4E}.Debug|x64.ActiveCfg = Debug|Any CPU
		{F738C46C-150D-4E2D-996A-3293D7DE8A4E}.Debug|x64.Build.0 = Debug|Any CPU
		{F738C46C-150D-4E2D-996A-3293D7DE8A4E}.Debug|x86.ActiveCfg = Debug|Any CPU
		{F738C46C-150D-4E2D-996A-3293D7DE8A4E}.Debug|x86.Build.0 = Debug|Any CPU
		{F738C46C-150D-4E2D-996A-3293D7DE8A4E}.Release|Any CPU.ActiveCfg = Release|Any CPU
		{F738C46C-150D-4E2D-996A-3293D7DE8A4E}.Release|Any CPU.Build.0 = Release|Any CPU
		{F738C46C-150D-4E2D-996A-3293D7DE8A4E}.Release|x64.ActiveCfg = Release|Any CPU
		{F738C46C-150D-4E2D-996A-3293D7DE8A4E}.Release|x64.Build.0 = Release|Any CPU
		{F738C46C-150D-4E2D-996A-3293D7DE8A4E}.Release|x86.ActiveCfg = Release|Any CPU
		{F738C46C-150D-4E2D-996A-3293D7DE8A4E}.Release|x86.Build.0 = Release|Any CPU
		{638A40C7-C073-47E4-A663-8AE72325E254}.Debug|Any CPU.ActiveCfg = Debug|Any CPU
		{638A40C7-C073-47E4-A663-8AE72325E254}.Debug|Any CPU.Build.0 = Debug|Any CPU
		{638A40C7-C073-47E4-A663-8AE72325E254}.Debug|x64.ActiveCfg = Debug|Any CPU
		{638A40C7-C073-47E4-A663-8AE72325E254}.Debug|x64.Build.0 = Debug|Any CPU
		{638A40C7-C073-47E4-A663-8AE72325E254}.Debug|x86.ActiveCfg = Debug|Any CPU
		{638A40C7-C073-47E4-A663-8AE72325E254}.Debug|x86.Build.0 = Debug|Any CPU
		{638A40C7-C073-47E4-A663-8AE72325E254}.Release|Any CPU.ActiveCfg = Release|Any CPU
		{638A40C7-C073-47E4-A663-8AE72325E254}.Release|Any CPU.Build.0 = Release|Any CPU
		{638A40C7-C073-47E4-A663-8AE72325E254}.Release|x64.ActiveCfg = Release|Any CPU
		{638A40C7-C073-47E4-A663-8AE72325E254}.Release|x64.Build.0 = Release|Any CPU
		{638A40C7-C073-47E4-A663-8AE72325E254}.Release|x86.ActiveCfg = Release|Any CPU
		{638A40C7-C073-47E4-A663-8AE72325E254}.Release|x86.Build.0 = Release|Any CPU
		{BA352FB1-71FC-4B30-84D5-21819B2F4141}.Debug|Any CPU.ActiveCfg = Debug|Any CPU
		{BA352FB1-71FC-4B30-84D5-21819B2F4141}.Debug|Any CPU.Build.0 = Debug|Any CPU
		{BA352FB1-71FC-4B30-84D5-21819B2F4141}.Debug|x64.ActiveCfg = Debug|Any CPU
		{BA352FB1-71FC-4B30-84D5-21819B2F4141}.Debug|x64.Build.0 = Debug|Any CPU
		{BA352FB1-71FC-4B30-84D5-21819B2F4141}.Debug|x86.ActiveCfg = Debug|Any CPU
		{BA352FB1-71FC-4B30-84D5-21819B2F4141}.Debug|x86.Build.0 = Debug|Any CPU
		{BA352FB1-71FC-4B30-84D5-21819B2F4141}.Release|Any CPU.ActiveCfg = Release|Any CPU
		{BA352FB1-71FC-4B30-84D5-21819B2F4141}.Release|Any CPU.Build.0 = Release|Any CPU
		{BA352FB1-71FC-4B30-84D5-21819B2F4141}.Release|x64.ActiveCfg = Release|Any CPU
		{BA352FB1-71FC-4B30-84D5-21819B2F4141}.Release|x64.Build.0 = Release|Any CPU
		{BA352FB1-71FC-4B30-84D5-21819B2F4141}.Release|x86.ActiveCfg = Release|Any CPU
		{BA352FB1-71FC-4B30-84D5-21819B2F4141}.Release|x86.Build.0 = Release|Any CPU
		{A9753112-AAED-4E74-84F8-DC94DF4E2FA3}.Debug|Any CPU.ActiveCfg = Debug|Any CPU
		{A9753112-AAED-4E74-84F8-DC94DF4E2FA3}.Debug|Any CPU.Build.0 = Debug|Any CPU
		{A9753112-AAED-4E74-84F8-DC94DF4E2FA3}.Debug|x64.ActiveCfg = Debug|Any CPU
		{A9753112-AAED-4E74-84F8-DC94DF4E2FA3}.Debug|x64.Build.0 = Debug|Any CPU
		{A9753112-AAED-4E74-84F8-DC94DF4E2FA3}.Debug|x86.ActiveCfg = Debug|Any CPU
		{A9753112-AAED-4E74-84F8-DC94DF4E2FA3}.Debug|x86.Build.0 = Debug|Any CPU
		{A9753112-AAED-4E74-84F8-DC94DF4E2FA3}.Release|Any CPU.ActiveCfg = Release|Any CPU
		{A9753112-AAED-4E74-84F8-DC94DF4E2FA3}.Release|Any CPU.Build.0 = Release|Any CPU
		{A9753112-AAED-4E74-84F8-DC94DF4E2FA3}.Release|x64.ActiveCfg = Release|Any CPU
		{A9753112-AAED-4E74-84F8-DC94DF4E2FA3}.Release|x64.Build.0 = Release|Any CPU
		{A9753112-AAED-4E74-84F8-DC94DF4E2FA3}.Release|x86.ActiveCfg = Release|Any CPU
		{A9753112-AAED-4E74-84F8-DC94DF4E2FA3}.Release|x86.Build.0 = Release|Any CPU
		{8AD1E452-1F01-4B67-93C1-5FA0B1BD3BA6}.Debug|Any CPU.ActiveCfg = Debug|Any CPU
		{8AD1E452-1F01-4B67-93C1-5FA0B1BD3BA6}.Debug|Any CPU.Build.0 = Debug|Any CPU
		{8AD1E452-1F01-4B67-93C1-5FA0B1BD3BA6}.Debug|x64.ActiveCfg = Debug|Any CPU
		{8AD1E452-1F01-4B67-93C1-5FA0B1BD3BA6}.Debug|x64.Build.0 = Debug|Any CPU
		{8AD1E452-1F01-4B67-93C1-5FA0B1BD3BA6}.Debug|x86.ActiveCfg = Debug|Any CPU
		{8AD1E452-1F01-4B67-93C1-5FA0B1BD3BA6}.Debug|x86.Build.0 = Debug|Any CPU
		{8AD1E452-1F01-4B67-93C1-5FA0B1BD3BA6}.Release|Any CPU.ActiveCfg = Release|Any CPU
		{8AD1E452-1F01-4B67-93C1-5FA0B1BD3BA6}.Release|Any CPU.Build.0 = Release|Any CPU
		{8AD1E452-1F01-4B67-93C1-5FA0B1BD3BA6}.Release|x64.ActiveCfg = Release|Any CPU
		{8AD1E452-1F01-4B67-93C1-5FA0B1BD3BA6}.Release|x64.Build.0 = Release|Any CPU
		{8AD1E452-1F01-4B67-93C1-5FA0B1BD3BA6}.Release|x86.ActiveCfg = Release|Any CPU
		{8AD1E452-1F01-4B67-93C1-5FA0B1BD3BA6}.Release|x86.Build.0 = Release|Any CPU
		{AAC2E880-082C-4D34-BB7B-2AF3BAD91CFC}.Debug|Any CPU.ActiveCfg = Debug|Any CPU
		{AAC2E880-082C-4D34-BB7B-2AF3BAD91CFC}.Debug|Any CPU.Build.0 = Debug|Any CPU
		{AAC2E880-082C-4D34-BB7B-2AF3BAD91CFC}.Debug|x64.ActiveCfg = Debug|Any CPU
		{AAC2E880-082C-4D34-BB7B-2AF3BAD91CFC}.Debug|x64.Build.0 = Debug|Any CPU
		{AAC2E880-082C-4D34-BB7B-2AF3BAD91CFC}.Debug|x86.ActiveCfg = Debug|Any CPU
		{AAC2E880-082C-4D34-BB7B-2AF3BAD91CFC}.Debug|x86.Build.0 = Debug|Any CPU
		{AAC2E880-082C-4D34-BB7B-2AF3BAD91CFC}.Release|Any CPU.ActiveCfg = Release|Any CPU
		{AAC2E880-082C-4D34-BB7B-2AF3BAD91CFC}.Release|Any CPU.Build.0 = Release|Any CPU
		{AAC2E880-082C-4D34-BB7B-2AF3BAD91CFC}.Release|x64.ActiveCfg = Release|Any CPU
		{AAC2E880-082C-4D34-BB7B-2AF3BAD91CFC}.Release|x64.Build.0 = Release|Any CPU
		{AAC2E880-082C-4D34-BB7B-2AF3BAD91CFC}.Release|x86.ActiveCfg = Release|Any CPU
		{AAC2E880-082C-4D34-BB7B-2AF3BAD91CFC}.Release|x86.Build.0 = Release|Any CPU
		{A5C6B166-1508-49C0-B63C-F00A5352C0A4}.Debug|Any CPU.ActiveCfg = Debug|Any CPU
		{A5C6B166-1508-49C0-B63C-F00A5352C0A4}.Debug|Any CPU.Build.0 = Debug|Any CPU
		{A5C6B166-1508-49C0-B63C-F00A5352C0A4}.Debug|x64.ActiveCfg = Debug|Any CPU
		{A5C6B166-1508-49C0-B63C-F00A5352C0A4}.Debug|x64.Build.0 = Debug|Any CPU
		{A5C6B166-1508-49C0-B63C-F00A5352C0A4}.Debug|x86.ActiveCfg = Debug|Any CPU
		{A5C6B166-1508-49C0-B63C-F00A5352C0A4}.Debug|x86.Build.0 = Debug|Any CPU
		{A5C6B166-1508-49C0-B63C-F00A5352C0A4}.Release|Any CPU.ActiveCfg = Release|Any CPU
		{A5C6B166-1508-49C0-B63C-F00A5352C0A4}.Release|Any CPU.Build.0 = Release|Any CPU
		{A5C6B166-1508-49C0-B63C-F00A5352C0A4}.Release|x64.ActiveCfg = Release|Any CPU
		{A5C6B166-1508-49C0-B63C-F00A5352C0A4}.Release|x64.Build.0 = Release|Any CPU
		{A5C6B166-1508-49C0-B63C-F00A5352C0A4}.Release|x86.ActiveCfg = Release|Any CPU
		{A5C6B166-1508-49C0-B63C-F00A5352C0A4}.Release|x86.Build.0 = Release|Any CPU
		{77213586-7EFE-4CFC-BAA9-435EEED55215}.Debug|Any CPU.ActiveCfg = Debug|Any CPU
		{77213586-7EFE-4CFC-BAA9-435EEED55215}.Debug|Any CPU.Build.0 = Debug|Any CPU
		{77213586-7EFE-4CFC-BAA9-435EEED55215}.Debug|x64.ActiveCfg = Debug|Any CPU
		{77213586-7EFE-4CFC-BAA9-435EEED55215}.Debug|x64.Build.0 = Debug|Any CPU
		{77213586-7EFE-4CFC-BAA9-435EEED55215}.Debug|x86.ActiveCfg = Debug|Any CPU
		{77213586-7EFE-4CFC-BAA9-435EEED55215}.Debug|x86.Build.0 = Debug|Any CPU
		{77213586-7EFE-4CFC-BAA9-435EEED55215}.Release|Any CPU.ActiveCfg = Release|Any CPU
		{77213586-7EFE-4CFC-BAA9-435EEED55215}.Release|Any CPU.Build.0 = Release|Any CPU
		{77213586-7EFE-4CFC-BAA9-435EEED55215}.Release|x64.ActiveCfg = Release|Any CPU
		{77213586-7EFE-4CFC-BAA9-435EEED55215}.Release|x64.Build.0 = Release|Any CPU
		{77213586-7EFE-4CFC-BAA9-435EEED55215}.Release|x86.ActiveCfg = Release|Any CPU
		{77213586-7EFE-4CFC-BAA9-435EEED55215}.Release|x86.Build.0 = Release|Any CPU
		{482683B8-7A71-4615-A7B8-B33BEB006AB7}.Debug|Any CPU.ActiveCfg = Debug|Any CPU
		{482683B8-7A71-4615-A7B8-B33BEB006AB7}.Debug|Any CPU.Build.0 = Debug|Any CPU
		{482683B8-7A71-4615-A7B8-B33BEB006AB7}.Debug|x64.ActiveCfg = Debug|Any CPU
		{482683B8-7A71-4615-A7B8-B33BEB006AB7}.Debug|x64.Build.0 = Debug|Any CPU
		{482683B8-7A71-4615-A7B8-B33BEB006AB7}.Debug|x86.ActiveCfg = Debug|Any CPU
		{482683B8-7A71-4615-A7B8-B33BEB006AB7}.Debug|x86.Build.0 = Debug|Any CPU
		{482683B8-7A71-4615-A7B8-B33BEB006AB7}.Release|Any CPU.ActiveCfg = Release|Any CPU
		{482683B8-7A71-4615-A7B8-B33BEB006AB7}.Release|Any CPU.Build.0 = Release|Any CPU
		{482683B8-7A71-4615-A7B8-B33BEB006AB7}.Release|x64.ActiveCfg = Release|Any CPU
		{482683B8-7A71-4615-A7B8-B33BEB006AB7}.Release|x64.Build.0 = Release|Any CPU
		{482683B8-7A71-4615-A7B8-B33BEB006AB7}.Release|x86.ActiveCfg = Release|Any CPU
		{482683B8-7A71-4615-A7B8-B33BEB006AB7}.Release|x86.Build.0 = Release|Any CPU
		{B5D5AC10-41FF-46E1-9F87-BCCF6559A090}.Debug|Any CPU.ActiveCfg = Debug|Any CPU
		{B5D5AC10-41FF-46E1-9F87-BCCF6559A090}.Debug|Any CPU.Build.0 = Debug|Any CPU
		{B5D5AC10-41FF-46E1-9F87-BCCF6559A090}.Debug|x64.ActiveCfg = Debug|Any CPU
		{B5D5AC10-41FF-46E1-9F87-BCCF6559A090}.Debug|x64.Build.0 = Debug|Any CPU
		{B5D5AC10-41FF-46E1-9F87-BCCF6559A090}.Debug|x86.ActiveCfg = Debug|Any CPU
		{B5D5AC10-41FF-46E1-9F87-BCCF6559A090}.Debug|x86.Build.0 = Debug|Any CPU
		{B5D5AC10-41FF-46E1-9F87-BCCF6559A090}.Release|Any CPU.ActiveCfg = Release|Any CPU
		{B5D5AC10-41FF-46E1-9F87-BCCF6559A090}.Release|Any CPU.Build.0 = Release|Any CPU
		{B5D5AC10-41FF-46E1-9F87-BCCF6559A090}.Release|x64.ActiveCfg = Release|Any CPU
		{B5D5AC10-41FF-46E1-9F87-BCCF6559A090}.Release|x64.Build.0 = Release|Any CPU
		{B5D5AC10-41FF-46E1-9F87-BCCF6559A090}.Release|x86.ActiveCfg = Release|Any CPU
		{B5D5AC10-41FF-46E1-9F87-BCCF6559A090}.Release|x86.Build.0 = Release|Any CPU
	EndGlobalSection
	GlobalSection(SolutionProperties) = preSolution
		HideSolutionNode = FALSE
	EndGlobalSection
	GlobalSection(NestedProjects) = preSolution
		{29AE56C0-471F-44F1-BFFF-3ABF826791E2} = {827E0CD3-B72D-47B6-A68D-7590B98EB39B}
		{F738C46C-150D-4E2D-996A-3293D7DE8A4E} = {827E0CD3-B72D-47B6-A68D-7590B98EB39B}
		{638A40C7-C073-47E4-A663-8AE72325E254} = {827E0CD3-B72D-47B6-A68D-7590B98EB39B}
		{BA352FB1-71FC-4B30-84D5-21819B2F4141} = {827E0CD3-B72D-47B6-A68D-7590B98EB39B}
		{A9753112-AAED-4E74-84F8-DC94DF4E2FA3} = {0AB3BF05-4346-4AA6-1389-037BE0695223}
		{8AD1E452-1F01-4B67-93C1-5FA0B1BD3BA6} = {827E0CD3-B72D-47B6-A68D-7590B98EB39B}
		{AAC2E880-082C-4D34-BB7B-2AF3BAD91CFC} = {827E0CD3-B72D-47B6-A68D-7590B98EB39B}
		{A5C6B166-1508-49C0-B63C-F00A5352C0A4} = {827E0CD3-B72D-47B6-A68D-7590B98EB39B}
		{77213586-7EFE-4CFC-BAA9-435EEED55215} = {827E0CD3-B72D-47B6-A68D-7590B98EB39B}
		{482683B8-7A71-4615-A7B8-B33BEB006AB7} = {827E0CD3-B72D-47B6-A68D-7590B98EB39B}
		{B5D5AC10-41FF-46E1-9F87-BCCF6559A090} = {827E0CD3-B72D-47B6-A68D-7590B98EB39B}
	EndGlobalSection
EndGlobal
